// !$*UTF8*$!
{
	archiveVersion = 1;
	classes = {
	};
	objectVersion = 46;
	objects = {

/* Begin PBXBuildFile section */
		807D59321581FF4000A95C4B /* AppDelegate.m in Sources */ = {isa = PBXBuildFile; fileRef = 807D592F1581FF4000A95C4B /* AppDelegate.m */; };
		807D59331581FF4000A95C4B /* test1.xcdatamodeld in Sources */ = {isa = PBXBuildFile; fileRef = 807D59301581FF4000A95C4B /* test1.xcdatamodeld */; };
		807D59371581FF5900A95C4B /* main.m in Sources */ = {isa = PBXBuildFile; fileRef = 807D59341581FF5900A95C4B /* main.m */; };
		807D593B1581FF6E00A95C4B /* InfoPlist.strings in Resources */ = {isa = PBXBuildFile; fileRef = 807D59391581FF6E00A95C4B /* InfoPlist.strings */; };
		80CC27261580D5C100D0373C /* UIKit.framework in Frameworks */ = {isa = PBXBuildFile; fileRef = 80CC27251580D5C100D0373C /* UIKit.framework */; };
		80CC27281580D5C100D0373C /* Foundation.framework in Frameworks */ = {isa = PBXBuildFile; fileRef = 80CC27271580D5C100D0373C /* Foundation.framework */; };
		80CC272A1580D5C100D0373C /* CoreGraphics.framework in Frameworks */ = {isa = PBXBuildFile; fileRef = 80CC27291580D5C100D0373C /* CoreGraphics.framework */; };
		80CC272C1580D5C100D0373C /* CoreData.framework in Frameworks */ = {isa = PBXBuildFile; fileRef = 80CC272B1580D5C100D0373C /* CoreData.framework */; };
/* End PBXBuildFile section */

/* Begin PBXFileReference section */
		807D592E1581FF4000A95C4B /* AppDelegate.h */ = {isa = PBXFileReference; fileEncoding = 4; lastKnownFileType = sourcecode.c.h; path = AppDelegate.h; sourceTree = SOURCE_ROOT; };
		807D592F1581FF4000A95C4B /* AppDelegate.m */ = {isa = PBXFileReference; fileEncoding = 4; lastKnownFileType = sourcecode.c.objc; path = AppDelegate.m; sourceTree = SOURCE_ROOT; };
		807D59311581FF4000A95C4B /* test1.xcdatamodel */ = {isa = PBXFileReference; lastKnownFileType = wrapper.xcdatamodel; path = test1.xcdatamodel; sourceTree = "<group>"; };
		807D59341581FF5900A95C4B /* main.m */ = {isa = PBXFileReference; fileEncoding = 4; lastKnownFileType = sourcecode.c.objc; path = main.m; sourceTree = SOURCE_ROOT; };
		807D59351581FF5900A95C4B /* test1-Info.plist */ = {isa = PBXFileReference; fileEncoding = 4; lastKnownFileType = text.plist.xml; path = "test1-Info.plist"; sourceTree = SOURCE_ROOT; };
		807D59361581FF5900A95C4B /* test1-Prefix.pch */ = {isa = PBXFileReference; fileEncoding = 4; lastKnownFileType = sourcecode.c.h; path = "test1-Prefix.pch"; sourceTree = SOURCE_ROOT; };
		807D593A1581FF6E00A95C4B /* en */ = {isa = PBXFileReference; lastKnownFileType = text.plist.strings; name = en; path = en.lproj/InfoPlist.strings; sourceTree = SOURCE_ROOT; };
		80CC27211580D5C100D0373C /* test1.app */ = {isa = PBXFileReference; explicitFileType = wrapper.application; includeInIndex = 0; path = test1.app; sourceTree = BUILT_PRODUCTS_DIR; };
		80CC27251580D5C100D0373C /* UIKit.framework */ = {isa = PBXFileReference; lastKnownFileType = wrapper.framework; name = UIKit.framework; path = System/Library/Frameworks/UIKit.framework; sourceTree = SDKROOT; };
		80CC27271580D5C100D0373C /* Foundation.framework */ = {isa = PBXFileReference; lastKnownFileType = wrapper.framework; name = Foundation.framework; path = System/Library/Frameworks/Foundation.framework; sourceTree = SDKROOT; };
		80CC27291580D5C100D0373C /* CoreGraphics.framework */ = {isa = PBXFileReference; lastKnownFileType = wrapper.framework; name = CoreGraphics.framework; path = System/Library/Frameworks/CoreGraphics.framework; sourceTree = SDKROOT; };
		80CC272B1580D5C100D0373C /* CoreData.framework */ = {isa = PBXFileReference; lastKnownFileType = wrapper.framework; name = CoreData.framework; path = System/Library/Frameworks/CoreData.framework; sourceTree = SDKROOT; };
/* End PBXFileReference section */

/* Begin PBXFrameworksBuildPhase section */
		80CC271E1580D5C100D0373C /* Frameworks */ = {
			isa = PBXFrameworksBuildPhase;
			buildActionMask = 2147483647;
			files = (
				80CC27261580D5C100D0373C /* UIKit.framework in Frameworks */,
				80CC27281580D5C100D0373C /* Foundation.framework in Frameworks */,
				80CC272A1580D5C100D0373C /* CoreGraphics.framework in Frameworks */,
				80CC272C1580D5C100D0373C /* CoreData.framework in Frameworks */,
			);
			runOnlyForDeploymentPostprocessing = 0;
		};
/* End PBXFrameworksBuildPhase section */

/* Begin PBXGroup section */
		80CC27161580D5C100D0373C = {
			isa = PBXGroup;
			children = (
				80CC272D1580D5C100D0373C /* test1 */,
				80CC27241580D5C100D0373C /* Frameworks */,
				80CC27221580D5C100D0373C /* Products */,
			);
			sourceTree = "<group>";
		};
		80CC27221580D5C100D0373C /* Products */ = {
			isa = PBXGroup;
			children = (
				80CC27211580D5C100D0373C /* test1.app */,
			);
			name = Products;
			sourceTree = "<group>";
		};
		80CC27241580D5C100D0373C /* Frameworks */ = {
			isa = PBXGroup;
			children = (
				80CC27251580D5C100D0373C /* UIKit.framework */,
				80CC27271580D5C100D0373C /* Foundation.framework */,
				80CC27291580D5C100D0373C /* CoreGraphics.framework */,
				80CC272B1580D5C100D0373C /* CoreData.framework */,
			);
			name = Frameworks;
			sourceTree = "<group>";
		};
		80CC272D1580D5C100D0373C /* test1 */ = {
			isa = PBXGroup;
			children = (
				807D592E1581FF4000A95C4B /* AppDelegate.h */,
				807D592F1581FF4000A95C4B /* AppDelegate.m */,
				807D59301581FF4000A95C4B /* test1.xcdatamodeld */,
				80CC272E1580D5C100D0373C /* Supporting Files */,
			);
			path = test1;
			sourceTree = "<group>";
		};
		80CC272E1580D5C100D0373C /* Supporting Files */ = {
			isa = PBXGroup;
			children = (
				807D59391581FF6E00A95C4B /* InfoPlist.strings */,
				807D59341581FF5900A95C4B /* main.m */,
				807D59351581FF5900A95C4B /* test1-Info.plist */,
				807D59361581FF5900A95C4B /* test1-Prefix.pch */,
			);
			name = "Supporting Files";
			sourceTree = "<group>";
		};
/* End PBXGroup section */

/* Begin PBXNativeTarget section */
		80CC27201580D5C100D0373C /* test1 */ = {
			isa = PBXNativeTarget;
			buildConfigurationList = 80CC273E1580D5C100D0373C /* Build configuration list for PBXNativeTarget "test1" */;
			buildPhases = (
				80CC274C1580D64C00D0373C /* Build libARSAL */,
				80CC271D1580D5C100D0373C /* Sources */,
				80CC271E1580D5C100D0373C /* Frameworks */,
				80CC271F1580D5C100D0373C /* Resources */,
			);
			buildRules = (
			);
			dependencies = (
			);
			name = test1;
			productName = test1;
			productReference = 80CC27211580D5C100D0373C /* test1.app */;
			productType = "com.apple.product-type.application";
		};
/* End PBXNativeTarget section */

/* Begin PBXProject section */
		80CC27181580D5C100D0373C /* Project object */ = {
			isa = PBXProject;
			attributes = {
				LastUpgradeCheck = 0430;
				ORGANIZATIONNAME = "Parrot SA";
			};
			buildConfigurationList = 80CC271B1580D5C100D0373C /* Build configuration list for PBXProject "test1" */;
			compatibilityVersion = "Xcode 3.2";
			developmentRegion = English;
			hasScannedForEncodings = 0;
			knownRegions = (
				en,
			);
			mainGroup = 80CC27161580D5C100D0373C;
			productRefGroup = 80CC27221580D5C100D0373C /* Products */;
			projectDirPath = "";
			projectRoot = "";
			targets = (
				80CC27201580D5C100D0373C /* test1 */,
			);
		};
/* End PBXProject section */

/* Begin PBXResourcesBuildPhase section */
		80CC271F1580D5C100D0373C /* Resources */ = {
			isa = PBXResourcesBuildPhase;
			buildActionMask = 2147483647;
			files = (
				807D593B1581FF6E00A95C4B /* InfoPlist.strings in Resources */,
			);
			runOnlyForDeploymentPostprocessing = 0;
		};
/* End PBXResourcesBuildPhase section */

/* Begin PBXShellScriptBuildPhase section */
		80CC274C1580D64C00D0373C /* Build libARSAL */ = {
			isa = PBXShellScriptBuildPhase;
			buildActionMask = 2147483647;
			files = (
			);
			inputPaths = (
			);
			name = "Build libARSAL";
			outputPaths = (
			);
			runOnlyForDeploymentPostprocessing = 0;
			shellPath = /bin/sh;
			shellScript = "cd ../../../Build\nif [ ! -e ./configure ]; then\n./bootstrap\nfi\nif [ $CONFIGURATION = \"Release\" ] || [ $CONFIGURATION = \"Distribution\" ]; then\nPATH=$PLATFORM_DEVELOPER_USR_DIR/usr/bin:$PATH ./configure CC=\"$PLATFORM_DEVELOPER_USR_DIR/bin/llvm-gcc -arch armv7 -isysroot $SDKROOT\" --host=arm --disable-shared --prefix=$CONFIGURATION_BUILD_DIR\nelse \t\nPATH=$PLATFORM_DEVELOPER_USR_DIR/usr/bin:$PATH ./configure CC=\"$PLATFORM_DEVELOPER_USR_DIR/bin/llvm-gcc -arch armv7 -isysroot $SDKROOT\" --host=arm --disable-shared --enable-debug --prefix=$CONFIGURATION_BUILD_DIR\nfi\nmake\nmake install";
		};
/* End PBXShellScriptBuildPhase section */

/* Begin PBXSourcesBuildPhase section */
		80CC271D1580D5C100D0373C /* Sources */ = {
			isa = PBXSourcesBuildPhase;
			buildActionMask = 2147483647;
			files = (
				807D59321581FF4000A95C4B /* AppDelegate.m in Sources */,
				807D59331581FF4000A95C4B /* test1.xcdatamodeld in Sources */,
				807D59371581FF5900A95C4B /* main.m in Sources */,
			);
			runOnlyForDeploymentPostprocessing = 0;
		};
/* End PBXSourcesBuildPhase section */

/* Begin PBXVariantGroup section */
		807D59391581FF6E00A95C4B /* InfoPlist.strings */ = {
			isa = PBXVariantGroup;
			children = (
				807D593A1581FF6E00A95C4B /* en */,
			);
			name = InfoPlist.strings;
			sourceTree = "<group>";
		};
/* End PBXVariantGroup section */

/* Begin XCBuildConfiguration section */
		80CC273C1580D5C100D0373C /* Debug */ = {
			isa = XCBuildConfiguration;
			buildSettings = {
				ALWAYS_SEARCH_USER_PATHS = NO;
				ARCHS = "$(ARCHS_STANDARD_32_BIT)";
				"CODE_SIGN_IDENTITY[sdk=iphoneos*]" = "iPhone Developer";
				COPY_PHASE_STRIP = NO;
				GCC_C_LANGUAGE_STANDARD = gnu99;
				GCC_DYNAMIC_NO_PIC = NO;
				GCC_OPTIMIZATION_LEVEL = 0;
				GCC_PREPROCESSOR_DEFINITIONS = (
					"DEBUG=1",
					"$(inherited)",
				);
				GCC_SYMBOLS_PRIVATE_EXTERN = NO;
				GCC_VERSION = com.apple.compilers.llvm.clang.1_0;
				GCC_WARN_ABOUT_RETURN_TYPE = YES;
				GCC_WARN_UNINITIALIZED_AUTOS = YES;
				GCC_WARN_UNUSED_VARIABLE = YES;
				IPHONEOS_DEPLOYMENT_TARGET = 5.1;
				SDKROOT = iphoneos;
				TARGETED_DEVICE_FAMILY = "1,2";
			};
			name = Debug;
		};
		80CC273D1580D5C100D0373C /* Release */ = {
			isa = XCBuildConfiguration;
			buildSettings = {
				ALWAYS_SEARCH_USER_PATHS = NO;
				ARCHS = "$(ARCHS_STANDARD_32_BIT)";
				"CODE_SIGN_IDENTITY[sdk=iphoneos*]" = "iPhone Developer";
				COPY_PHASE_STRIP = YES;
				GCC_C_LANGUAGE_STANDARD = gnu99;
				GCC_VERSION = com.apple.compilers.llvm.clang.1_0;
				GCC_WARN_ABOUT_RETURN_TYPE = YES;
				GCC_WARN_UNINITIALIZED_AUTOS = YES;
				GCC_WARN_UNUSED_VARIABLE = YES;
				IPHONEOS_DEPLOYMENT_TARGET = 5.1;
				OTHER_CFLAGS = "-DNS_BLOCK_ASSERTIONS=1";
				SDKROOT = iphoneos;
				TARGETED_DEVICE_FAMILY = "1,2";
				VALIDATE_PRODUCT = YES;
			};
			name = Release;
		};
		80CC273F1580D5C100D0373C /* Debug */ = {
			isa = XCBuildConfiguration;
			buildSettings = {
				CONFIGURATION_BUILD_DIR = "$(CONFIGURATION)";
				GCC_PRECOMPILE_PREFIX_HEADER = YES;
				GCC_PREFIX_HEADER = "test1-Prefix.pch";
				HEADER_SEARCH_PATHS = "$(CONFIGURATION)/include";
				INFOPLIST_FILE = "test1-Info.plist";
				LIBRARY_SEARCH_PATHS = "$(CONFIGURATION)/lib";
				OTHER_LDFLAGS = "-larsal_dbg";
				OTHER_TEST_FLAGS = "";
				PRODUCT_NAME = "$(TARGET_NAME)";
				USER_HEADER_SEARCH_PATHS = "";
				WRAPPER_EXTENSION = app;
			};
			name = Debug;
		};
		80CC27401580D5C100D0373C /* Release */ = {
			isa = XCBuildConfiguration;
			buildSettings = {
				CONFIGURATION_BUILD_DIR = "$(CONFIGURATION)";
				GCC_PRECOMPILE_PREFIX_HEADER = YES;
				GCC_PREFIX_HEADER = "test1-Prefix.pch";
				HEADER_SEARCH_PATHS = "$(CONFIGURATION)/include";
				INFOPLIST_FILE = "test1-Info.plist";
				LIBRARY_SEARCH_PATHS = "$(CONFIGURATION)/lib";
				OTHER_LDFLAGS = "-larsal";
				OTHER_TEST_FLAGS = "";
				PRODUCT_NAME = "$(TARGET_NAME)";
				USER_HEADER_SEARCH_PATHS = "";
				WRAPPER_EXTENSION = app;
			};
			name = Release;
		};
/* End XCBuildConfiguration section */

/* Begin XCConfigurationList section */
		80CC271B1580D5C100D0373C /* Build configuration list for PBXProject "test1" */ = {
			isa = XCConfigurationList;
			buildConfigurations = (
				80CC273C1580D5C100D0373C /* Debug */,
				80CC273D1580D5C100D0373C /* Release */,
			);
			defaultConfigurationIsVisible = 0;
			defaultConfigurationName = Release;
		};
		80CC273E1580D5C100D0373C /* Build configuration list for PBXNativeTarget "test1" */ = {
			isa = XCConfigurationList;
			buildConfigurations = (
				80CC273F1580D5C100D0373C /* Debug */,
				80CC27401580D5C100D0373C /* Release */,
			);
			defaultConfigurationIsVisible = 0;
			defaultConfigurationName = Release;
		};
/* End XCConfigurationList section */

/* Begin XCVersionGroup section */
		807D59301581FF4000A95C4B /* test1.xcdatamodeld */ = {
			isa = XCVersionGroup;
			children = (
				807D59311581FF4000A95C4B /* test1.xcdatamodel */,
			);
			currentVersion = 807D59311581FF4000A95C4B /* test1.xcdatamodel */;
			path = test1.xcdatamodeld;
			sourceTree = SOURCE_ROOT;
			versionGroupType = wrapper.xcdatamodel;
		};
/* End XCVersionGroup section */
	};
	rootObject = 80CC27181580D5C100D0373C /* Project object */;
}
